
Microsoft Visual Studio Solution File, Format Version 12.00
# Visual Studio Version 17
VisualStudioVersion = 17.9.34723.18
MinimumVisualStudioVersion = 10.0.40219.1
Project("{FAE04EC0-301F-11D3-BF4B-00C04F79EFBC}") = "IlanSitesi", "IlanSitesi.csproj", "{6C449C3B-AAD1-4D60-AF60-130B17AF9E19}"
EndProject
Global
	GlobalSection(SolutionConfigurationPlatforms) = preSolution
		Debug|Any CPU = Debug|Any CPU
		Release|Any CPU = Release|Any CPU
	EndGlobalSection
	GlobalSection(ProjectConfigurationPlatforms) = postSolution
		{6C449C3B-AAD1-4D60-AF60-130B17AF9E19}.Debug|Any CPU.ActiveCfg = Debug|Any CPU
		{6C449C3B-AAD1-4D60-AF60-130B17AF9E19}.Debug|Any CPU.Build.0 = Debug|Any CPU
		{6C449C3B-AAD1-4D60-AF60-130B17AF9E19}.Release|Any CPU.ActiveCfg = Release|Any CPU
		{6C449C3B-AAD1-4D60-AF60-130B17AF9E19}.Release|Any CPU.Build.0 = Release|Any CPU
	EndGlobalSection
	GlobalSection(SolutionProperties) = preSolution
		HideSolutionNode = FALSE
	EndGlobalSection
	GlobalSection(ExtensibilityGlobals) = postSolution
		SolutionGuid = {2E49054D-781E-4963-B90B-7CB61A91EA5E}
	EndGlobalSection
EndGlobal
