
Microsoft Visual Studio Solution File, Format Version 12.00
# Visual Studio Version 17
VisualStudioVersion = 17.9.34723.18
MinimumVisualStudioVersion = 10.0.40219.1
Project("{FAE04EC0-301F-11D3-BF4B-00C04F79EFBC}") = "weather", "weather.csproj", "{1AB81558-51A4-4C26-87A4-F77D6CC637EE}"
EndProject
Global
	GlobalSection(SolutionConfigurationPlatforms) = preSolution
		Debug|Any CPU = Debug|Any CPU
		Release|Any CPU = Release|Any CPU
	EndGlobalSection
	GlobalSection(ProjectConfigurationPlatforms) = postSolution
		{1AB81558-51A4-4C26-87A4-F77D6CC637EE}.Debug|Any CPU.ActiveCfg = Debug|Any CPU
		{1AB81558-51A4-4C26-87A4-F77D6CC637EE}.Debug|Any CPU.Build.0 = Debug|Any CPU
		{1AB81558-51A4-4C26-87A4-F77D6CC637EE}.Release|Any CPU.ActiveCfg = Release|Any CPU
		{1AB81558-51A4-4C26-87A4-F77D6CC637EE}.Release|Any CPU.Build.0 = Release|Any CPU
	EndGlobalSection
	GlobalSection(SolutionProperties) = preSolution
		HideSolutionNode = FALSE
	EndGlobalSection
	GlobalSection(ExtensibilityGlobals) = postSolution
		SolutionGuid = {D0696080-F8FB-46D7-B3C5-F5BE28B7712A}
	EndGlobalSection
EndGlobal
