
Microsoft Visual Studio Solution File, Format Version 12.00
# Visual Studio Version 17
VisualStudioVersion = 17.9.34723.18
MinimumVisualStudioVersion = 10.0.40219.1
Project("{FAE04EC0-301F-11D3-BF4B-00C04F79EFBC}") = "HaberlerApp", "HaberlerApp.csproj", "{2223EFBB-C319-4EB2-80F6-F93F31242EFD}"
EndProject
Global
	GlobalSection(SolutionConfigurationPlatforms) = preSolution
		Debug|Any CPU = Debug|Any CPU
		Release|Any CPU = Release|Any CPU
	EndGlobalSection
	GlobalSection(ProjectConfigurationPlatforms) = postSolution
		{2223EFBB-C319-4EB2-80F6-F93F31242EFD}.Debug|Any CPU.ActiveCfg = Debug|Any CPU
		{2223EFBB-C319-4EB2-80F6-F93F31242EFD}.Debug|Any CPU.Build.0 = Debug|Any CPU
		{2223EFBB-C319-4EB2-80F6-F93F31242EFD}.Release|Any CPU.ActiveCfg = Release|Any CPU
		{2223EFBB-C319-4EB2-80F6-F93F31242EFD}.Release|Any CPU.Build.0 = Release|Any CPU
	EndGlobalSection
	GlobalSection(SolutionProperties) = preSolution
		HideSolutionNode = FALSE
	EndGlobalSection
	GlobalSection(ExtensibilityGlobals) = postSolution
		SolutionGuid = {8162AE2E-233A-4C2A-B419-0E912F0F0E1D}
	EndGlobalSection
EndGlobal
