
Microsoft Visual Studio Solution File, Format Version 12.00
# Visual Studio Version 17
VisualStudioVersion = 17.9.34723.18
MinimumVisualStudioVersion = 10.0.40219.1
Project("{FAE04EC0-301F-11D3-BF4B-00C04F79EFBC}") = "BlogGrup", "BlogGrup.csproj", "{E50E13E4-6981-449D-BA1F-A0CDB71882BE}"
EndProject
Global
	GlobalSection(SolutionConfigurationPlatforms) = preSolution
		Debug|Any CPU = Debug|Any CPU
		Release|Any CPU = Release|Any CPU
	EndGlobalSection
	GlobalSection(ProjectConfigurationPlatforms) = postSolution
		{E50E13E4-6981-449D-BA1F-A0CDB71882BE}.Debug|Any CPU.ActiveCfg = Debug|Any CPU
		{E50E13E4-6981-449D-BA1F-A0CDB71882BE}.Debug|Any CPU.Build.0 = Debug|Any CPU
		{E50E13E4-6981-449D-BA1F-A0CDB71882BE}.Release|Any CPU.ActiveCfg = Release|Any CPU
		{E50E13E4-6981-449D-BA1F-A0CDB71882BE}.Release|Any CPU.Build.0 = Release|Any CPU
	EndGlobalSection
	GlobalSection(SolutionProperties) = preSolution
		HideSolutionNode = FALSE
	EndGlobalSection
	GlobalSection(ExtensibilityGlobals) = postSolution
		SolutionGuid = {9F34E8D7-A17B-43F4-B0AF-02D91FD8977C}
	EndGlobalSection
EndGlobal
