
Microsoft Visual Studio Solution File, Format Version 12.00
# Visual Studio Version 17
VisualStudioVersion = 17.9.34723.18
MinimumVisualStudioVersion = 10.0.40219.1
Project("{FAE04EC0-301F-11D3-BF4B-00C04F79EFBC}") = "taşkağıtmakasV1", "taşkağıtmakasV1.csproj", "{82D5988A-4578-4493-905D-5D771B2FFF9E}"
EndProject
Global
	GlobalSection(SolutionConfigurationPlatforms) = preSolution
		Debug|Any CPU = Debug|Any CPU
		Release|Any CPU = Release|Any CPU
	EndGlobalSection
	GlobalSection(ProjectConfigurationPlatforms) = postSolution
		{82D5988A-4578-4493-905D-5D771B2FFF9E}.Debug|Any CPU.ActiveCfg = Debug|Any CPU
		{82D5988A-4578-4493-905D-5D771B2FFF9E}.Debug|Any CPU.Build.0 = Debug|Any CPU
		{82D5988A-4578-4493-905D-5D771B2FFF9E}.Release|Any CPU.ActiveCfg = Release|Any CPU
		{82D5988A-4578-4493-905D-5D771B2FFF9E}.Release|Any CPU.Build.0 = Release|Any CPU
	EndGlobalSection
	GlobalSection(SolutionProperties) = preSolution
		HideSolutionNode = FALSE
	EndGlobalSection
	GlobalSection(ExtensibilityGlobals) = postSolution
		SolutionGuid = {CD03C160-5D44-4257-8990-D8344129C50D}
	EndGlobalSection
EndGlobal
