
Microsoft Visual Studio Solution File, Format Version 12.00
# Visual Studio Version 17
VisualStudioVersion = 17.9.34723.18
MinimumVisualStudioVersion = 10.0.40219.1
Project("{FAE04EC0-301F-11D3-BF4B-00C04F79EFBC}") = "HesapMakinesiV3", "HesapMakinesiV3.csproj", "{2A47E770-1FD4-4C95-91F7-4E50A0DC4C22}"
EndProject
Global
	GlobalSection(SolutionConfigurationPlatforms) = preSolution
		Debug|Any CPU = Debug|Any CPU
		Release|Any CPU = Release|Any CPU
	EndGlobalSection
	GlobalSection(ProjectConfigurationPlatforms) = postSolution
		{2A47E770-1FD4-4C95-91F7-4E50A0DC4C22}.Debug|Any CPU.ActiveCfg = Debug|Any CPU
		{2A47E770-1FD4-4C95-91F7-4E50A0DC4C22}.Debug|Any CPU.Build.0 = Debug|Any CPU
		{2A47E770-1FD4-4C95-91F7-4E50A0DC4C22}.Release|Any CPU.ActiveCfg = Release|Any CPU
		{2A47E770-1FD4-4C95-91F7-4E50A0DC4C22}.Release|Any CPU.Build.0 = Release|Any CPU
	EndGlobalSection
	GlobalSection(SolutionProperties) = preSolution
		HideSolutionNode = FALSE
	EndGlobalSection
	GlobalSection(ExtensibilityGlobals) = postSolution
		SolutionGuid = {CCCD0262-6C66-46AB-B1A4-E4CE443647E1}
	EndGlobalSection
EndGlobal
