
Microsoft Visual Studio Solution File, Format Version 12.00
# Visual Studio Version 17
VisualStudioVersion = 17.9.34723.18
MinimumVisualStudioVersion = 10.0.40219.1
Project("{FAE04EC0-301F-11D3-BF4B-00C04F79EFBC}") = "hesapmakinesiV1", "hesapmakinesiV1.csproj", "{11273777-C4CE-49CC-99E6-9C295C853B26}"
EndProject
Global
	GlobalSection(SolutionConfigurationPlatforms) = preSolution
		Debug|Any CPU = Debug|Any CPU
		Release|Any CPU = Release|Any CPU
	EndGlobalSection
	GlobalSection(ProjectConfigurationPlatforms) = postSolution
		{11273777-C4CE-49CC-99E6-9C295C853B26}.Debug|Any CPU.ActiveCfg = Debug|Any CPU
		{11273777-C4CE-49CC-99E6-9C295C853B26}.Debug|Any CPU.Build.0 = Debug|Any CPU
		{11273777-C4CE-49CC-99E6-9C295C853B26}.Release|Any CPU.ActiveCfg = Release|Any CPU
		{11273777-C4CE-49CC-99E6-9C295C853B26}.Release|Any CPU.Build.0 = Release|Any CPU
	EndGlobalSection
	GlobalSection(SolutionProperties) = preSolution
		HideSolutionNode = FALSE
	EndGlobalSection
	GlobalSection(ExtensibilityGlobals) = postSolution
		SolutionGuid = {0DCD2175-5E5B-467E-8A49-322536D8AA4C}
	EndGlobalSection
EndGlobal
